
Microsoft Visual Studio Solution File, Format Version 12.00
# Visual Studio 14
VisualStudioVersion = 14.0.25420.1
MinimumVisualStudioVersion = 10.0.40219.1
Project("{FAE04EC0-301F-11D3-BF4B-00C04F79EFBC}") = "GEV Control Layouts", "GEV Control Layouts\GEV Control Layouts.csproj", "{677BBE0E-F8C8-4AF3-A398-ED0CE7C22E69}"
EndProject
Project("{FAE04EC0-301F-11D3-BF4B-00C04F79EFBC}") = "GCL and MonteCarlo Samples", "GCL and MonteCarlo Samples\GCL and MonteCarlo Samples.csproj", "{9901CBDE-1303-4C3C-A3E3-255E52A597EF}"
EndProject
Project("{FAE04EC0-301F-11D3-BF4B-00C04F79EFBC}") = "GEV Control Layouts Plus", "GEV Control Layouts Plus\GEV Control Layouts Plus.csproj", "{D93E1488-F699-411A-852F-858BC268F87C}"
EndProject
Global
	GlobalSection(SolutionConfigurationPlatforms) = preSolution
		Debug|Any CPU = Debug|Any CPU
		Release|Any CPU = Release|Any CPU
	EndGlobalSection
	GlobalSection(ProjectConfigurationPlatforms) = postSolution
		{677BBE0E-F8C8-4AF3-A398-ED0CE7C22E69}.Debug|Any CPU.ActiveCfg = Debug|Any CPU
		{677BBE0E-F8C8-4AF3-A398-ED0CE7C22E69}.Debug|Any CPU.Build.0 = Debug|Any CPU
		{677BBE0E-F8C8-4AF3-A398-ED0CE7C22E69}.Release|Any CPU.ActiveCfg = Release|Any CPU
		{677BBE0E-F8C8-4AF3-A398-ED0CE7C22E69}.Release|Any CPU.Build.0 = Release|Any CPU
		{9901CBDE-1303-4C3C-A3E3-255E52A597EF}.Debug|Any CPU.ActiveCfg = Debug|Any CPU
		{9901CBDE-1303-4C3C-A3E3-255E52A597EF}.Debug|Any CPU.Build.0 = Debug|Any CPU
		{9901CBDE-1303-4C3C-A3E3-255E52A597EF}.Release|Any CPU.ActiveCfg = Release|Any CPU
		{9901CBDE-1303-4C3C-A3E3-255E52A597EF}.Release|Any CPU.Build.0 = Release|Any CPU
		{D93E1488-F699-411A-852F-858BC268F87C}.Debug|Any CPU.ActiveCfg = Debug|Any CPU
		{D93E1488-F699-411A-852F-858BC268F87C}.Debug|Any CPU.Build.0 = Debug|Any CPU
		{D93E1488-F699-411A-852F-858BC268F87C}.Release|Any CPU.ActiveCfg = Release|Any CPU
		{D93E1488-F699-411A-852F-858BC268F87C}.Release|Any CPU.Build.0 = Release|Any CPU
	EndGlobalSection
	GlobalSection(SolutionProperties) = preSolution
		HideSolutionNode = FALSE
	EndGlobalSection
EndGlobal
